
Microsoft Visual Studio Solution File, Format Version 12.00
# Visual Studio Version 16
VisualStudioVersion = 16.0.33328.57
MinimumVisualStudioVersion = 10.0.40219.1
Project("{FAE04EC0-301F-11D3-BF4B-00C04F79EFBC}") = "control_de_versiones", "control_de_versiones\control_de_versiones.csproj", "{59829600-A048-4A2F-A271-689F9E3DE793}"
EndProject
Global
	GlobalSection(SolutionConfigurationPlatforms) = preSolution
		Debug|Any CPU = Debug|Any CPU
		Release|Any CPU = Release|Any CPU
	EndGlobalSection
	GlobalSection(ProjectConfigurationPlatforms) = postSolution
		{59829600-A048-4A2F-A271-689F9E3DE793}.Debug|Any CPU.ActiveCfg = Debug|Any CPU
		{59829600-A048-4A2F-A271-689F9E3DE793}.Debug|Any CPU.Build.0 = Debug|Any CPU
		{59829600-A048-4A2F-A271-689F9E3DE793}.Release|Any CPU.ActiveCfg = Release|Any CPU
		{59829600-A048-4A2F-A271-689F9E3DE793}.Release|Any CPU.Build.0 = Release|Any CPU
	EndGlobalSection
	GlobalSection(SolutionProperties) = preSolution
		HideSolutionNode = FALSE
	EndGlobalSection
	GlobalSection(ExtensibilityGlobals) = postSolution
		SolutionGuid = {6AC795AE-801A-414F-A6FE-2FD87827911D}
	EndGlobalSection
EndGlobal
